
Microsoft Visual Studio Solution File, Format Version 12.00
# Visual Studio 14
VisualStudioVersion = 14.0.23107.0
MinimumVisualStudioVersion = 10.0.40219.1
Project("{2150E333-8FDC-42A3-9474-1A3956D46DE8}") = ".nuget", ".nuget", "{DFA48E27-7D53-4955-A722-3D91A7119BE7}"
	ProjectSection(SolutionItems) = preProject
		.nuget\NuGet.Config = .nuget\NuGet.Config
		.nuget\NuGet.exe = .nuget\NuGet.exe
		.nuget\NuGet.targets = .nuget\NuGet.targets
	EndProjectSection
EndProject
Project("{FAE04EC0-301F-11D3-BF4B-00C04F79EFBC}") = "Icode.Blog.Core", "Icode.Blog.Core\Icode.Blog.Core.csproj", "{17298EA0-AF73-4F30-B6F1-2066100D7D74}"
EndProject
Project("{FAE04EC0-301F-11D3-BF4B-00C04F79EFBC}") = "Icode.Blog.Application", "Icode.Blog.Application\Icode.Blog.Application.csproj", "{EDF5D964-4C0F-4F19-B674-58A38A5E5401}"
EndProject
Project("{FAE04EC0-301F-11D3-BF4B-00C04F79EFBC}") = "Icode.Blog.EntityFramework", "Icode.Blog.EntityFramework\Icode.Blog.EntityFramework.csproj", "{3979F157-DEB0-4878-AB1D-4CEF6B5A1300}"
EndProject
Project("{FAE04EC0-301F-11D3-BF4B-00C04F79EFBC}") = "Icode.Blog.Web", "Icode.Blog.Web\Icode.Blog.Web.csproj", "{897F6FD8-6F90-48E4-95A5-B4429B896205}"
EndProject
Project("{FAE04EC0-301F-11D3-BF4B-00C04F79EFBC}") = "Icode.Blog.WebApi", "Icode.Blog.WebApi\Icode.Blog.WebApi.csproj", "{5EB52D3D-09FD-463A-B02A-8D9856BD3724}"
EndProject
Project("{FAE04EC0-301F-11D3-BF4B-00C04F79EFBC}") = "Icode.Blog.Test", "Icode.Blog.Test\Icode.Blog.Test.csproj", "{B47474EA-B2D1-404A-96A0-055461AF99B5}"
EndProject
Project("{2150E333-8FDC-42A3-9474-1A3956D46DE8}") = "_Test", "_Test", "{99E07D0E-86AD-439D-9C37-B1AD18EAC104}"
EndProject
Project("{2150E333-8FDC-42A3-9474-1A3956D46DE8}") = "Common", "Common", "{AC9E4D4E-0CEB-40FD-B8F1-74D5A86605D9}"
EndProject
Project("{2150E333-8FDC-42A3-9474-1A3956D46DE8}") = "Portal", "Portal", "{6CEE6688-DE2E-4653-946F-9C5A90A431DA}"
EndProject
Project("{FAE04EC0-301F-11D3-BF4B-00C04F79EFBC}") = "Icode.Blog.HttpModule", "Icode.Blog.HttpModule\Icode.Blog.HttpModule.csproj", "{56380A06-F081-483E-BFB6-BAAF0A718619}"
EndProject
Project("{2150E333-8FDC-42A3-9474-1A3956D46DE8}") = "Abp", "Abp", "{E93F4902-4F66-4FDF-90DF-D2E8CB139FA9}"
EndProject
Project("{FAE04EC0-301F-11D3-BF4B-00C04F79EFBC}") = "Abp", "Abp\Abp\Abp.csproj", "{2C221D3B-5F54-4C5B-8082-318636415132}"
EndProject
Project("{FAE04EC0-301F-11D3-BF4B-00C04F79EFBC}") = "Abp.AutoMapper", "Abp\Abp.AutoMapper\Abp.AutoMapper.csproj", "{06EB5F7C-B974-4775-A305-F175D645F7C9}"
EndProject
Project("{FAE04EC0-301F-11D3-BF4B-00C04F79EFBC}") = "Abp.EntityFramework", "Abp\Abp.EntityFramework\Abp.EntityFramework.csproj", "{948F0CAF-3382-4E03-9A0F-0DDB206FE40D}"
EndProject
Project("{FAE04EC0-301F-11D3-BF4B-00C04F79EFBC}") = "Abp.FluentMigrator", "Abp\Abp.FluentMigrator\Abp.FluentMigrator.csproj", "{908717CC-C284-4C88-A13C-32B62674845D}"
EndProject
Project("{FAE04EC0-301F-11D3-BF4B-00C04F79EFBC}") = "Abp.MemoryDb", "Abp\Abp.MemoryDb\Abp.MemoryDb.csproj", "{4DF45D0E-A50F-4FD0-8B4D-2548B256994F}"
EndProject
Project("{FAE04EC0-301F-11D3-BF4B-00C04F79EFBC}") = "Abp.MongoDB", "Abp\Abp.MongoDB\Abp.MongoDB.csproj", "{B71E5928-F956-480C-B6FF-18B65C013A59}"
EndProject
Project("{FAE04EC0-301F-11D3-BF4B-00C04F79EFBC}") = "Abp.NHibernate", "Abp\Abp.NHibernate\Abp.NHibernate.csproj", "{47853DCA-C058-42F4-B020-E9AC659C9204}"
EndProject
Project("{FAE04EC0-301F-11D3-BF4B-00C04F79EFBC}") = "Abp.Web", "Abp\Abp.Web\Abp.Web.csproj", "{D37C09D8-2F18-4F0B-A4D3-7A12C124E070}"
EndProject
Project("{FAE04EC0-301F-11D3-BF4B-00C04F79EFBC}") = "Abp.Web.Api", "Abp\Abp.Web.Api\Abp.Web.Api.csproj", "{71962F97-5E4B-465C-9A21-2153D31992CF}"
EndProject
Project("{FAE04EC0-301F-11D3-BF4B-00C04F79EFBC}") = "Abp.Web.Mvc", "Abp\Abp.Web.Mvc\Abp.Web.Mvc.csproj", "{78FC0C9B-C5A9-4900-9A46-A8F544AC5343}"
EndProject
Project("{FAE04EC0-301F-11D3-BF4B-00C04F79EFBC}") = "Abp.Web.Resources", "Abp\Abp.Web.Resources\Abp.Web.Resources.csproj", "{9003DDA9-1DD5-41A1-B907-6F378767C441}"
EndProject
Global
	GlobalSection(SolutionConfigurationPlatforms) = preSolution
		Debug|Any CPU = Debug|Any CPU
		Release|Any CPU = Release|Any CPU
	EndGlobalSection
	GlobalSection(ProjectConfigurationPlatforms) = postSolution
		{17298EA0-AF73-4F30-B6F1-2066100D7D74}.Debug|Any CPU.ActiveCfg = Debug|Any CPU
		{17298EA0-AF73-4F30-B6F1-2066100D7D74}.Debug|Any CPU.Build.0 = Debug|Any CPU
		{17298EA0-AF73-4F30-B6F1-2066100D7D74}.Release|Any CPU.ActiveCfg = Release|Any CPU
		{17298EA0-AF73-4F30-B6F1-2066100D7D74}.Release|Any CPU.Build.0 = Release|Any CPU
		{EDF5D964-4C0F-4F19-B674-58A38A5E5401}.Debug|Any CPU.ActiveCfg = Debug|Any CPU
		{EDF5D964-4C0F-4F19-B674-58A38A5E5401}.Debug|Any CPU.Build.0 = Debug|Any CPU
		{EDF5D964-4C0F-4F19-B674-58A38A5E5401}.Release|Any CPU.ActiveCfg = Release|Any CPU
		{EDF5D964-4C0F-4F19-B674-58A38A5E5401}.Release|Any CPU.Build.0 = Release|Any CPU
		{3979F157-DEB0-4878-AB1D-4CEF6B5A1300}.Debug|Any CPU.ActiveCfg = Debug|Any CPU
		{3979F157-DEB0-4878-AB1D-4CEF6B5A1300}.Debug|Any CPU.Build.0 = Debug|Any CPU
		{3979F157-DEB0-4878-AB1D-4CEF6B5A1300}.Release|Any CPU.ActiveCfg = Release|Any CPU
		{3979F157-DEB0-4878-AB1D-4CEF6B5A1300}.Release|Any CPU.Build.0 = Release|Any CPU
		{897F6FD8-6F90-48E4-95A5-B4429B896205}.Debug|Any CPU.ActiveCfg = Debug|Any CPU
		{897F6FD8-6F90-48E4-95A5-B4429B896205}.Debug|Any CPU.Build.0 = Debug|Any CPU
		{897F6FD8-6F90-48E4-95A5-B4429B896205}.Release|Any CPU.ActiveCfg = Release|Any CPU
		{897F6FD8-6F90-48E4-95A5-B4429B896205}.Release|Any CPU.Build.0 = Release|Any CPU
		{5EB52D3D-09FD-463A-B02A-8D9856BD3724}.Debug|Any CPU.ActiveCfg = Debug|Any CPU
		{5EB52D3D-09FD-463A-B02A-8D9856BD3724}.Debug|Any CPU.Build.0 = Debug|Any CPU
		{5EB52D3D-09FD-463A-B02A-8D9856BD3724}.Release|Any CPU.ActiveCfg = Release|Any CPU
		{5EB52D3D-09FD-463A-B02A-8D9856BD3724}.Release|Any CPU.Build.0 = Release|Any CPU
		{B47474EA-B2D1-404A-96A0-055461AF99B5}.Debug|Any CPU.ActiveCfg = Debug|Any CPU
		{B47474EA-B2D1-404A-96A0-055461AF99B5}.Debug|Any CPU.Build.0 = Debug|Any CPU
		{B47474EA-B2D1-404A-96A0-055461AF99B5}.Release|Any CPU.ActiveCfg = Release|Any CPU
		{B47474EA-B2D1-404A-96A0-055461AF99B5}.Release|Any CPU.Build.0 = Release|Any CPU
		{56380A06-F081-483E-BFB6-BAAF0A718619}.Debug|Any CPU.ActiveCfg = Debug|Any CPU
		{56380A06-F081-483E-BFB6-BAAF0A718619}.Debug|Any CPU.Build.0 = Debug|Any CPU
		{56380A06-F081-483E-BFB6-BAAF0A718619}.Release|Any CPU.ActiveCfg = Release|Any CPU
		{56380A06-F081-483E-BFB6-BAAF0A718619}.Release|Any CPU.Build.0 = Release|Any CPU
		{2C221D3B-5F54-4C5B-8082-318636415132}.Debug|Any CPU.ActiveCfg = Debug|Any CPU
		{2C221D3B-5F54-4C5B-8082-318636415132}.Debug|Any CPU.Build.0 = Debug|Any CPU
		{2C221D3B-5F54-4C5B-8082-318636415132}.Release|Any CPU.ActiveCfg = Release|Any CPU
		{2C221D3B-5F54-4C5B-8082-318636415132}.Release|Any CPU.Build.0 = Release|Any CPU
		{06EB5F7C-B974-4775-A305-F175D645F7C9}.Debug|Any CPU.ActiveCfg = Debug|Any CPU
		{06EB5F7C-B974-4775-A305-F175D645F7C9}.Debug|Any CPU.Build.0 = Debug|Any CPU
		{06EB5F7C-B974-4775-A305-F175D645F7C9}.Release|Any CPU.ActiveCfg = Release|Any CPU
		{06EB5F7C-B974-4775-A305-F175D645F7C9}.Release|Any CPU.Build.0 = Release|Any CPU
		{948F0CAF-3382-4E03-9A0F-0DDB206FE40D}.Debug|Any CPU.ActiveCfg = Debug|Any CPU
		{948F0CAF-3382-4E03-9A0F-0DDB206FE40D}.Debug|Any CPU.Build.0 = Debug|Any CPU
		{948F0CAF-3382-4E03-9A0F-0DDB206FE40D}.Release|Any CPU.ActiveCfg = Release|Any CPU
		{948F0CAF-3382-4E03-9A0F-0DDB206FE40D}.Release|Any CPU.Build.0 = Release|Any CPU
		{908717CC-C284-4C88-A13C-32B62674845D}.Debug|Any CPU.ActiveCfg = Debug|Any CPU
		{908717CC-C284-4C88-A13C-32B62674845D}.Debug|Any CPU.Build.0 = Debug|Any CPU
		{908717CC-C284-4C88-A13C-32B62674845D}.Release|Any CPU.ActiveCfg = Release|Any CPU
		{908717CC-C284-4C88-A13C-32B62674845D}.Release|Any CPU.Build.0 = Release|Any CPU
		{4DF45D0E-A50F-4FD0-8B4D-2548B256994F}.Debug|Any CPU.ActiveCfg = Debug|Any CPU
		{4DF45D0E-A50F-4FD0-8B4D-2548B256994F}.Debug|Any CPU.Build.0 = Debug|Any CPU
		{4DF45D0E-A50F-4FD0-8B4D-2548B256994F}.Release|Any CPU.ActiveCfg = Release|Any CPU
		{4DF45D0E-A50F-4FD0-8B4D-2548B256994F}.Release|Any CPU.Build.0 = Release|Any CPU
		{B71E5928-F956-480C-B6FF-18B65C013A59}.Debug|Any CPU.ActiveCfg = Debug|Any CPU
		{B71E5928-F956-480C-B6FF-18B65C013A59}.Debug|Any CPU.Build.0 = Debug|Any CPU
		{B71E5928-F956-480C-B6FF-18B65C013A59}.Release|Any CPU.ActiveCfg = Release|Any CPU
		{B71E5928-F956-480C-B6FF-18B65C013A59}.Release|Any CPU.Build.0 = Release|Any CPU
		{47853DCA-C058-42F4-B020-E9AC659C9204}.Debug|Any CPU.ActiveCfg = Debug|Any CPU
		{47853DCA-C058-42F4-B020-E9AC659C9204}.Debug|Any CPU.Build.0 = Debug|Any CPU
		{47853DCA-C058-42F4-B020-E9AC659C9204}.Release|Any CPU.ActiveCfg = Release|Any CPU
		{47853DCA-C058-42F4-B020-E9AC659C9204}.Release|Any CPU.Build.0 = Release|Any CPU
		{D37C09D8-2F18-4F0B-A4D3-7A12C124E070}.Debug|Any CPU.ActiveCfg = Debug|Any CPU
		{D37C09D8-2F18-4F0B-A4D3-7A12C124E070}.Debug|Any CPU.Build.0 = Debug|Any CPU
		{D37C09D8-2F18-4F0B-A4D3-7A12C124E070}.Release|Any CPU.ActiveCfg = Release|Any CPU
		{D37C09D8-2F18-4F0B-A4D3-7A12C124E070}.Release|Any CPU.Build.0 = Release|Any CPU
		{71962F97-5E4B-465C-9A21-2153D31992CF}.Debug|Any CPU.ActiveCfg = Debug|Any CPU
		{71962F97-5E4B-465C-9A21-2153D31992CF}.Debug|Any CPU.Build.0 = Debug|Any CPU
		{71962F97-5E4B-465C-9A21-2153D31992CF}.Release|Any CPU.ActiveCfg = Release|Any CPU
		{71962F97-5E4B-465C-9A21-2153D31992CF}.Release|Any CPU.Build.0 = Release|Any CPU
		{78FC0C9B-C5A9-4900-9A46-A8F544AC5343}.Debug|Any CPU.ActiveCfg = Debug|Any CPU
		{78FC0C9B-C5A9-4900-9A46-A8F544AC5343}.Debug|Any CPU.Build.0 = Debug|Any CPU
		{78FC0C9B-C5A9-4900-9A46-A8F544AC5343}.Release|Any CPU.ActiveCfg = Release|Any CPU
		{78FC0C9B-C5A9-4900-9A46-A8F544AC5343}.Release|Any CPU.Build.0 = Release|Any CPU
		{9003DDA9-1DD5-41A1-B907-6F378767C441}.Debug|Any CPU.ActiveCfg = Debug|Any CPU
		{9003DDA9-1DD5-41A1-B907-6F378767C441}.Debug|Any CPU.Build.0 = Debug|Any CPU
		{9003DDA9-1DD5-41A1-B907-6F378767C441}.Release|Any CPU.ActiveCfg = Release|Any CPU
		{9003DDA9-1DD5-41A1-B907-6F378767C441}.Release|Any CPU.Build.0 = Release|Any CPU
	EndGlobalSection
	GlobalSection(SolutionProperties) = preSolution
		HideSolutionNode = FALSE
	EndGlobalSection
	GlobalSection(NestedProjects) = preSolution
		{17298EA0-AF73-4F30-B6F1-2066100D7D74} = {AC9E4D4E-0CEB-40FD-B8F1-74D5A86605D9}
		{EDF5D964-4C0F-4F19-B674-58A38A5E5401} = {AC9E4D4E-0CEB-40FD-B8F1-74D5A86605D9}
		{3979F157-DEB0-4878-AB1D-4CEF6B5A1300} = {AC9E4D4E-0CEB-40FD-B8F1-74D5A86605D9}
		{897F6FD8-6F90-48E4-95A5-B4429B896205} = {6CEE6688-DE2E-4653-946F-9C5A90A431DA}
		{5EB52D3D-09FD-463A-B02A-8D9856BD3724} = {6CEE6688-DE2E-4653-946F-9C5A90A431DA}
		{B47474EA-B2D1-404A-96A0-055461AF99B5} = {99E07D0E-86AD-439D-9C37-B1AD18EAC104}
		{56380A06-F081-483E-BFB6-BAAF0A718619} = {AC9E4D4E-0CEB-40FD-B8F1-74D5A86605D9}
		{2C221D3B-5F54-4C5B-8082-318636415132} = {E93F4902-4F66-4FDF-90DF-D2E8CB139FA9}
		{06EB5F7C-B974-4775-A305-F175D645F7C9} = {E93F4902-4F66-4FDF-90DF-D2E8CB139FA9}
		{948F0CAF-3382-4E03-9A0F-0DDB206FE40D} = {E93F4902-4F66-4FDF-90DF-D2E8CB139FA9}
		{908717CC-C284-4C88-A13C-32B62674845D} = {E93F4902-4F66-4FDF-90DF-D2E8CB139FA9}
		{4DF45D0E-A50F-4FD0-8B4D-2548B256994F} = {E93F4902-4F66-4FDF-90DF-D2E8CB139FA9}
		{B71E5928-F956-480C-B6FF-18B65C013A59} = {E93F4902-4F66-4FDF-90DF-D2E8CB139FA9}
		{47853DCA-C058-42F4-B020-E9AC659C9204} = {E93F4902-4F66-4FDF-90DF-D2E8CB139FA9}
		{D37C09D8-2F18-4F0B-A4D3-7A12C124E070} = {E93F4902-4F66-4FDF-90DF-D2E8CB139FA9}
		{71962F97-5E4B-465C-9A21-2153D31992CF} = {E93F4902-4F66-4FDF-90DF-D2E8CB139FA9}
		{78FC0C9B-C5A9-4900-9A46-A8F544AC5343} = {E93F4902-4F66-4FDF-90DF-D2E8CB139FA9}
		{9003DDA9-1DD5-41A1-B907-6F378767C441} = {E93F4902-4F66-4FDF-90DF-D2E8CB139FA9}
	EndGlobalSection
EndGlobal
